
Microsoft Visual Studio Solution File, Format Version 12.00
# Visual Studio Version 16
VisualStudioVersion = 16.0.30114.105
MinimumVisualStudioVersion = 10.0.40219.1
Project("{FAE04EC0-301F-11D3-BF4B-00C04F79EFBC}") = "NorthwindEntitiesLib", "NorthwindEntitiesLib\NorthwindEntitiesLib.csproj", "{33038E44-1645-44E7-83B5-6E1733B537DA}"
EndProject
Project("{FAE04EC0-301F-11D3-BF4B-00C04F79EFBC}") = "NorthwindApp", "NorthwindApp\NorthwindApp.csproj", "{234F2E74-C92C-4AF3-BD92-46A440C8949E}"
EndProject
Project("{FAE04EC0-301F-11D3-BF4B-00C04F79EFBC}") = "NorthwindContextLib", "NorthwindContextLib\NorthwindContextLib.csproj", "{680F0473-8AA3-4994-B987-05997E9D7C66}"
EndProject
Global
	GlobalSection(SolutionConfigurationPlatforms) = preSolution
		Debug|Any CPU = Debug|Any CPU
		Release|Any CPU = Release|Any CPU
	EndGlobalSection
	GlobalSection(SolutionProperties) = preSolution
		HideSolutionNode = FALSE
	EndGlobalSection
	GlobalSection(ProjectConfigurationPlatforms) = postSolution
		{33038E44-1645-44E7-83B5-6E1733B537DA}.Debug|Any CPU.ActiveCfg = Debug|Any CPU
		{33038E44-1645-44E7-83B5-6E1733B537DA}.Debug|Any CPU.Build.0 = Debug|Any CPU
		{33038E44-1645-44E7-83B5-6E1733B537DA}.Release|Any CPU.ActiveCfg = Release|Any CPU
		{33038E44-1645-44E7-83B5-6E1733B537DA}.Release|Any CPU.Build.0 = Release|Any CPU
		{234F2E74-C92C-4AF3-BD92-46A440C8949E}.Debug|Any CPU.ActiveCfg = Debug|Any CPU
		{234F2E74-C92C-4AF3-BD92-46A440C8949E}.Debug|Any CPU.Build.0 = Debug|Any CPU
		{234F2E74-C92C-4AF3-BD92-46A440C8949E}.Release|Any CPU.ActiveCfg = Release|Any CPU
		{234F2E74-C92C-4AF3-BD92-46A440C8949E}.Release|Any CPU.Build.0 = Release|Any CPU
		{680F0473-8AA3-4994-B987-05997E9D7C66}.Debug|Any CPU.ActiveCfg = Debug|Any CPU
		{680F0473-8AA3-4994-B987-05997E9D7C66}.Debug|Any CPU.Build.0 = Debug|Any CPU
		{680F0473-8AA3-4994-B987-05997E9D7C66}.Release|Any CPU.ActiveCfg = Release|Any CPU
		{680F0473-8AA3-4994-B987-05997E9D7C66}.Release|Any CPU.Build.0 = Release|Any CPU
	EndGlobalSection
EndGlobal
